
Microsoft Visual Studio Solution File, Format Version 12.00
# Visual Studio 15
VisualStudioVersion = 15.0.27130.2003
MinimumVisualStudioVersion = 10.0.40219.1
Project("{FAE04EC0-301F-11D3-BF4B-00C04F79EFBC}") = "ModernStore.Domain", "ModernStore.Domain\ModernStore.Domain.csproj", "{5E6AD8AF-5AC1-4B57-ABEC-DEA320A14F4E}"
EndProject
Project("{FAE04EC0-301F-11D3-BF4B-00C04F79EFBC}") = "ModernStore.Shared", "ModernStore.Shared\ModernStore.Shared.csproj", "{F1A8CA96-0A49-4F60-B0F1-64E4D736403F}"
EndProject
Project("{FAE04EC0-301F-11D3-BF4B-00C04F79EFBC}") = "ModernStore.Domain.Tests", "ModernStore.Domain.Tests\ModernStore.Domain.Tests.csproj", "{64FD524F-D349-487B-A823-76E61B16E8CD}"
EndProject
Project("{FAE04EC0-301F-11D3-BF4B-00C04F79EFBC}") = "ModernStore.Infra", "ModernStore.Infra\ModernStore.Infra.csproj", "{4A5E5002-ACB1-4F61-A42A-5572A61FE0D9}"
EndProject
Project("{2150E333-8FDC-42A3-9474-1A3956D46DE8}") = "1 - Api", "1 - Api", "{A3FF23AE-D6C9-4EC1-807A-E47EE831F6BD}"
EndProject
Project("{2150E333-8FDC-42A3-9474-1A3956D46DE8}") = "2 - Domain", "2 - Domain", "{AE1CC9E1-C10F-47FC-975B-B2F9503DF7C8}"
EndProject
Project("{2150E333-8FDC-42A3-9474-1A3956D46DE8}") = "3 - Infra", "3 - Infra", "{D40CD494-1672-429A-A3C7-A261CDC681E1}"
EndProject
Project("{9A19103F-16F7-4668-BE54-9A1E7A4F7556}") = "ModernStore.Api", "ModernStore.Api\ModernStore.Api.csproj", "{625E1D65-5CAC-4416-8299-CD48A71070F6}"
EndProject
Project("{00D1A9C2-B5F0-4AF3-8072-F6C62B433612}") = "ModernStore.Data", "ModernStore.Data\ModernStore.Data.sqlproj", "{711CE0DC-4A55-455B-8A5B-5B0706E1C0CC}"
EndProject
Global
	GlobalSection(SolutionConfigurationPlatforms) = preSolution
		Debug|Any CPU = Debug|Any CPU
		Release|Any CPU = Release|Any CPU
	EndGlobalSection
	GlobalSection(ProjectConfigurationPlatforms) = postSolution
		{5E6AD8AF-5AC1-4B57-ABEC-DEA320A14F4E}.Debug|Any CPU.ActiveCfg = Debug|Any CPU
		{5E6AD8AF-5AC1-4B57-ABEC-DEA320A14F4E}.Debug|Any CPU.Build.0 = Debug|Any CPU
		{5E6AD8AF-5AC1-4B57-ABEC-DEA320A14F4E}.Release|Any CPU.ActiveCfg = Release|Any CPU
		{5E6AD8AF-5AC1-4B57-ABEC-DEA320A14F4E}.Release|Any CPU.Build.0 = Release|Any CPU
		{F1A8CA96-0A49-4F60-B0F1-64E4D736403F}.Debug|Any CPU.ActiveCfg = Debug|Any CPU
		{F1A8CA96-0A49-4F60-B0F1-64E4D736403F}.Debug|Any CPU.Build.0 = Debug|Any CPU
		{F1A8CA96-0A49-4F60-B0F1-64E4D736403F}.Release|Any CPU.ActiveCfg = Release|Any CPU
		{F1A8CA96-0A49-4F60-B0F1-64E4D736403F}.Release|Any CPU.Build.0 = Release|Any CPU
		{64FD524F-D349-487B-A823-76E61B16E8CD}.Debug|Any CPU.ActiveCfg = Debug|Any CPU
		{64FD524F-D349-487B-A823-76E61B16E8CD}.Debug|Any CPU.Build.0 = Debug|Any CPU
		{64FD524F-D349-487B-A823-76E61B16E8CD}.Release|Any CPU.ActiveCfg = Release|Any CPU
		{64FD524F-D349-487B-A823-76E61B16E8CD}.Release|Any CPU.Build.0 = Release|Any CPU
		{4A5E5002-ACB1-4F61-A42A-5572A61FE0D9}.Debug|Any CPU.ActiveCfg = Debug|Any CPU
		{4A5E5002-ACB1-4F61-A42A-5572A61FE0D9}.Debug|Any CPU.Build.0 = Debug|Any CPU
		{4A5E5002-ACB1-4F61-A42A-5572A61FE0D9}.Release|Any CPU.ActiveCfg = Release|Any CPU
		{4A5E5002-ACB1-4F61-A42A-5572A61FE0D9}.Release|Any CPU.Build.0 = Release|Any CPU
		{625E1D65-5CAC-4416-8299-CD48A71070F6}.Debug|Any CPU.ActiveCfg = Debug|Any CPU
		{625E1D65-5CAC-4416-8299-CD48A71070F6}.Debug|Any CPU.Build.0 = Debug|Any CPU
		{625E1D65-5CAC-4416-8299-CD48A71070F6}.Release|Any CPU.ActiveCfg = Release|Any CPU
		{625E1D65-5CAC-4416-8299-CD48A71070F6}.Release|Any CPU.Build.0 = Release|Any CPU
		{711CE0DC-4A55-455B-8A5B-5B0706E1C0CC}.Debug|Any CPU.ActiveCfg = Debug|Any CPU
		{711CE0DC-4A55-455B-8A5B-5B0706E1C0CC}.Debug|Any CPU.Build.0 = Debug|Any CPU
		{711CE0DC-4A55-455B-8A5B-5B0706E1C0CC}.Debug|Any CPU.Deploy.0 = Debug|Any CPU
		{711CE0DC-4A55-455B-8A5B-5B0706E1C0CC}.Release|Any CPU.ActiveCfg = Release|Any CPU
		{711CE0DC-4A55-455B-8A5B-5B0706E1C0CC}.Release|Any CPU.Build.0 = Release|Any CPU
		{711CE0DC-4A55-455B-8A5B-5B0706E1C0CC}.Release|Any CPU.Deploy.0 = Release|Any CPU
	EndGlobalSection
	GlobalSection(SolutionProperties) = preSolution
		HideSolutionNode = FALSE
	EndGlobalSection
	GlobalSection(NestedProjects) = preSolution
		{5E6AD8AF-5AC1-4B57-ABEC-DEA320A14F4E} = {AE1CC9E1-C10F-47FC-975B-B2F9503DF7C8}
		{F1A8CA96-0A49-4F60-B0F1-64E4D736403F} = {AE1CC9E1-C10F-47FC-975B-B2F9503DF7C8}
		{64FD524F-D349-487B-A823-76E61B16E8CD} = {AE1CC9E1-C10F-47FC-975B-B2F9503DF7C8}
		{4A5E5002-ACB1-4F61-A42A-5572A61FE0D9} = {D40CD494-1672-429A-A3C7-A261CDC681E1}
		{625E1D65-5CAC-4416-8299-CD48A71070F6} = {A3FF23AE-D6C9-4EC1-807A-E47EE831F6BD}
		{711CE0DC-4A55-455B-8A5B-5B0706E1C0CC} = {D40CD494-1672-429A-A3C7-A261CDC681E1}
	EndGlobalSection
	GlobalSection(ExtensibilityGlobals) = postSolution
		SolutionGuid = {1568A4A9-D2F4-447F-80D3-B1956B90786C}
	EndGlobalSection
EndGlobal
